
Microsoft Visual Studio Solution File, Format Version 12.00
# Visual Studio Version 17
VisualStudioVersion = 17.9.34701.34
MinimumVisualStudioVersion = 10.0.40219.1
Project("{FAE04EC0-301F-11D3-BF4B-00C04F79EFBC}") = "ColorPresets", "ColorPresets\ColorPresets.csproj", "{6819AC97-AC3B-46CE-84D6-B78CEE286808}"
EndProject
Global
	GlobalSection(SolutionConfigurationPlatforms) = preSolution
		Debug|Any CPU = Debug|Any CPU
		Release|Any CPU = Release|Any CPU
	EndGlobalSection
	GlobalSection(ProjectConfigurationPlatforms) = postSolution
		{6819AC97-AC3B-46CE-84D6-B78CEE286808}.Debug|Any CPU.ActiveCfg = Debug|Any CPU
		{6819AC97-AC3B-46CE-84D6-B78CEE286808}.Debug|Any CPU.Build.0 = Debug|Any CPU
		{6819AC97-AC3B-46CE-84D6-B78CEE286808}.Release|Any CPU.ActiveCfg = Release|Any CPU
		{6819AC97-AC3B-46CE-84D6-B78CEE286808}.Release|Any CPU.Build.0 = Release|Any CPU
	EndGlobalSection
	GlobalSection(SolutionProperties) = preSolution
		HideSolutionNode = FALSE
	EndGlobalSection
	GlobalSection(ExtensibilityGlobals) = postSolution
		SolutionGuid = {26469B4C-2EE5-448D-853B-6C7857A8D71E}
	EndGlobalSection
EndGlobal
